
Microsoft Visual Studio Solution File, Format Version 12.00
# Visual Studio 2012
Project("{E24C65DC-7377-472B-9ABA-BC803B73C61A}") = "Ch2p4", "http://localhost:49854", "{C70951EA-0078-4931-A81C-D619812A1E9E}"
	ProjectSection(WebsiteProperties) = preProject
		UseIISExpress = "true"
		TargetFrameworkMoniker = ".NETFramework,Version%3Dv4.5"
		Debug.AspNetCompiler.VirtualPath = "/localhost_49854"
		Debug.AspNetCompiler.PhysicalPath = "D:\roshan493\Ch2p4\"
		Debug.AspNetCompiler.TargetPath = "PrecompiledWeb\localhost_49854\"
		Debug.AspNetCompiler.Updateable = "true"
		Debug.AspNetCompiler.ForceOverwrite = "true"
		Debug.AspNetCompiler.FixedNames = "false"
		Debug.AspNetCompiler.Debug = "True"
		Release.AspNetCompiler.VirtualPath = "/localhost_49854"
		Release.AspNetCompiler.PhysicalPath = "D:\roshan493\Ch2p4\"
		Release.AspNetCompiler.TargetPath = "PrecompiledWeb\localhost_49854\"
		Release.AspNetCompiler.Updateable = "true"
		Release.AspNetCompiler.ForceOverwrite = "true"
		Release.AspNetCompiler.FixedNames = "false"
		Release.AspNetCompiler.Debug = "False"
		SlnRelativePath = "D:\roshan493\Ch2p4\"
		DefaultWebSiteLanguage = "Visual C#"
	EndProjectSection
EndProject
Global
	GlobalSection(SolutionConfigurationPlatforms) = preSolution
		Debug|Any CPU = Debug|Any CPU
	EndGlobalSection
	GlobalSection(ProjectConfigurationPlatforms) = postSolution
		{C70951EA-0078-4931-A81C-D619812A1E9E}.Debug|Any CPU.ActiveCfg = Debug|Any CPU
		{C70951EA-0078-4931-A81C-D619812A1E9E}.Debug|Any CPU.Build.0 = Debug|Any CPU
	EndGlobalSection
	GlobalSection(SolutionProperties) = preSolution
		HideSolutionNode = FALSE
	EndGlobalSection
EndGlobal
